// !$*UTF8*$!
{
	archiveVersion = 1;
	classes = {
	};
	objectVersion = 46;
	objects = {

/* Begin PBXBuildFile section */
		DCD5D11214DA21970034FD9C /* main.cpp in Sources */ = {isa = PBXBuildFile; fileRef = DCD5D11114DA21970034FD9C /* main.cpp */; };
		DCD5D11414DA21970034FD9C /* pleoctl.1 in CopyFiles */ = {isa = PBXBuildFile; fileRef = DCD5D11314DA21970034FD9C /* pleoctl.1 */; };
		DCD5D11C14DA21BF0034FD9C /* pleomonitor.cpp in Sources */ = {isa = PBXBuildFile; fileRef = DCD5D11B14DA21BF0034FD9C /* pleomonitor.cpp */; };
/* End PBXBuildFile section */

/* Begin PBXCopyFilesBuildPhase section */
		DCD5D10B14DA21970034FD9C /* CopyFiles */ = {
			isa = PBXCopyFilesBuildPhase;
			buildActionMask = 2147483647;
			dstPath = /usr/share/man/man1/;
			dstSubfolderSpec = 0;
			files = (
				DCD5D11414DA21970034FD9C /* pleoctl.1 in CopyFiles */,
			);
			runOnlyForDeploymentPostprocessing = 1;
		};
/* End PBXCopyFilesBuildPhase section */

/* Begin PBXFileReference section */
		DCD5D10D14DA21970034FD9C /* pleoctl */ = {isa = PBXFileReference; explicitFileType = "compiled.mach-o.executable"; includeInIndex = 0; path = pleoctl; sourceTree = BUILT_PRODUCTS_DIR; };
		DCD5D11114DA21970034FD9C /* main.cpp */ = {isa = PBXFileReference; lastKnownFileType = sourcecode.cpp.cpp; path = main.cpp; sourceTree = "<group>"; };
		DCD5D11314DA21970034FD9C /* pleoctl.1 */ = {isa = PBXFileReference; lastKnownFileType = text.man; path = pleoctl.1; sourceTree = "<group>"; };
		DCD5D11A14DA21AD0034FD9C /* pleomonitor.h */ = {isa = PBXFileReference; fileEncoding = 4; lastKnownFileType = sourcecode.c.h; name = pleomonitor.h; path = ../../../../include/pleomonitor.h; sourceTree = "<group>"; };
		DCD5D11B14DA21BF0034FD9C /* pleomonitor.cpp */ = {isa = PBXFileReference; fileEncoding = 4; lastKnownFileType = sourcecode.cpp.cpp; name = pleomonitor.cpp; path = ../../../../src/pleomonitor.cpp; sourceTree = "<group>"; };
/* End PBXFileReference section */

/* Begin PBXFrameworksBuildPhase section */
		DCD5D10A14DA21970034FD9C /* Frameworks */ = {
			isa = PBXFrameworksBuildPhase;
			buildActionMask = 2147483647;
			files = (
			);
			runOnlyForDeploymentPostprocessing = 0;
		};
/* End PBXFrameworksBuildPhase section */

/* Begin PBXGroup section */
		DCD5D10214DA21970034FD9C = {
			isa = PBXGroup;
			children = (
				DCD5D11014DA21970034FD9C /* pleoctl */,
				DCD5D10E14DA21970034FD9C /* Products */,
			);
			sourceTree = "<group>";
		};
		DCD5D10E14DA21970034FD9C /* Products */ = {
			isa = PBXGroup;
			children = (
				DCD5D10D14DA21970034FD9C /* pleoctl */,
			);
			name = Products;
			sourceTree = "<group>";
		};
		DCD5D11014DA21970034FD9C /* pleoctl */ = {
			isa = PBXGroup;
			children = (
				DCD5D11B14DA21BF0034FD9C /* pleomonitor.cpp */,
				DCD5D11A14DA21AD0034FD9C /* pleomonitor.h */,
				DCD5D11114DA21970034FD9C /* main.cpp */,
				DCD5D11314DA21970034FD9C /* pleoctl.1 */,
			);
			path = pleoctl;
			sourceTree = "<group>";
		};
/* End PBXGroup section */

/* Begin PBXNativeTarget section */
		DCD5D10C14DA21970034FD9C /* pleoctl */ = {
			isa = PBXNativeTarget;
			buildConfigurationList = DCD5D11714DA21970034FD9C /* Build configuration list for PBXNativeTarget "pleoctl" */;
			buildPhases = (
				DCD5D10914DA21970034FD9C /* Sources */,
				DCD5D10A14DA21970034FD9C /* Frameworks */,
				DCD5D10B14DA21970034FD9C /* CopyFiles */,
			);
			buildRules = (
			);
			dependencies = (
			);
			name = pleoctl;
			productName = pleoctl;
			productReference = DCD5D10D14DA21970034FD9C /* pleoctl */;
			productType = "com.apple.product-type.tool";
		};
/* End PBXNativeTarget section */

/* Begin PBXProject section */
		DCD5D10414DA21970034FD9C /* Project object */ = {
			isa = PBXProject;
			attributes = {
				LastUpgradeCheck = 0420;
				ORGANIZATIONNAME = "Random Accident";
			};
			buildConfigurationList = DCD5D10714DA21970034FD9C /* Build configuration list for PBXProject "pleoctl" */;
			compatibilityVersion = "Xcode 3.2";
			developmentRegion = English;
			hasScannedForEncodings = 0;
			knownRegions = (
				en,
			);
			mainGroup = DCD5D10214DA21970034FD9C;
			productRefGroup = DCD5D10E14DA21970034FD9C /* Products */;
			projectDirPath = "";
			projectRoot = "";
			targets = (
				DCD5D10C14DA21970034FD9C /* pleoctl */,
			);
		};
/* End PBXProject section */

/* Begin PBXSourcesBuildPhase section */
		DCD5D10914DA21970034FD9C /* Sources */ = {
			isa = PBXSourcesBuildPhase;
			buildActionMask = 2147483647;
			files = (
				DCD5D11214DA21970034FD9C /* main.cpp in Sources */,
				DCD5D11C14DA21BF0034FD9C /* pleomonitor.cpp in Sources */,
			);
			runOnlyForDeploymentPostprocessing = 0;
		};
/* End PBXSourcesBuildPhase section */

/* Begin XCBuildConfiguration section */
		DCD5D11514DA21970034FD9C /* Debug */ = {
			isa = XCBuildConfiguration;
			buildSettings = {
				ALWAYS_SEARCH_USER_PATHS = NO;
				ARCHS = "$(ARCHS_STANDARD_64_BIT)";
				COPY_PHASE_STRIP = NO;
				GCC_C_LANGUAGE_STANDARD = gnu99;
				GCC_DYNAMIC_NO_PIC = NO;
				GCC_ENABLE_OBJC_EXCEPTIONS = YES;
				GCC_OPTIMIZATION_LEVEL = 0;
				GCC_PREPROCESSOR_DEFINITIONS = (
					"DEBUG=1",
					"$(inherited)",
				);
				GCC_SYMBOLS_PRIVATE_EXTERN = NO;
				GCC_VERSION = com.apple.compilers.llvm.clang.1_0;
				GCC_WARN_64_TO_32_BIT_CONVERSION = YES;
				GCC_WARN_ABOUT_MISSING_PROTOTYPES = YES;
				GCC_WARN_ABOUT_RETURN_TYPE = YES;
				GCC_WARN_UNUSED_VARIABLE = YES;
				MACOSX_DEPLOYMENT_TARGET = 10.7;
				ONLY_ACTIVE_ARCH = YES;
				SDKROOT = macosx;
			};
			name = Debug;
		};
		DCD5D11614DA21970034FD9C /* Release */ = {
			isa = XCBuildConfiguration;
			buildSettings = {
				ALWAYS_SEARCH_USER_PATHS = NO;
				ARCHS = "$(ARCHS_STANDARD_64_BIT)";
				COPY_PHASE_STRIP = YES;
				DEBUG_INFORMATION_FORMAT = "dwarf-with-dsym";
				GCC_C_LANGUAGE_STANDARD = gnu99;
				GCC_ENABLE_OBJC_EXCEPTIONS = YES;
				GCC_VERSION = com.apple.compilers.llvm.clang.1_0;
				GCC_WARN_64_TO_32_BIT_CONVERSION = YES;
				GCC_WARN_ABOUT_MISSING_PROTOTYPES = YES;
				GCC_WARN_ABOUT_RETURN_TYPE = YES;
				GCC_WARN_UNUSED_VARIABLE = YES;
				MACOSX_DEPLOYMENT_TARGET = 10.7;
				SDKROOT = macosx;
			};
			name = Release;
		};
		DCD5D11814DA21970034FD9C /* Debug */ = {
			isa = XCBuildConfiguration;
			buildSettings = {
				PRODUCT_NAME = "$(TARGET_NAME)";
			};
			name = Debug;
		};
		DCD5D11914DA21970034FD9C /* Release */ = {
			isa = XCBuildConfiguration;
			buildSettings = {
				PRODUCT_NAME = "$(TARGET_NAME)";
			};
			name = Release;
		};
/* End XCBuildConfiguration section */

/* Begin XCConfigurationList section */
		DCD5D10714DA21970034FD9C /* Build configuration list for PBXProject "pleoctl" */ = {
			isa = XCConfigurationList;
			buildConfigurations = (
				DCD5D11514DA21970034FD9C /* Debug */,
				DCD5D11614DA21970034FD9C /* Release */,
			);
			defaultConfigurationIsVisible = 0;
			defaultConfigurationName = Release;
		};
		DCD5D11714DA21970034FD9C /* Build configuration list for PBXNativeTarget "pleoctl" */ = {
			isa = XCConfigurationList;
			buildConfigurations = (
				DCD5D11814DA21970034FD9C /* Debug */,
				DCD5D11914DA21970034FD9C /* Release */,
			);
			defaultConfigurationIsVisible = 0;
		};
/* End XCConfigurationList section */
	};
	rootObject = DCD5D10414DA21970034FD9C /* Project object */;
}
